
Microsoft Visual Studio Solution File, Format Version 12.00
# Visual Studio Version 17
VisualStudioVersion = 17.9.34723.18
MinimumVisualStudioVersion = 10.0.40219.1
Project("{FAE04EC0-301F-11D3-BF4B-00C04F79EFBC}") = "FirstApp", "FirstApp\FirstApp.csproj", "{4264A25A-A9CC-4E4B-9363-9BB87B5D8E58}"
EndProject
Global
	GlobalSection(SolutionConfigurationPlatforms) = preSolution
		Debug|Any CPU = Debug|Any CPU
		Release|Any CPU = Release|Any CPU
	EndGlobalSection
	GlobalSection(ProjectConfigurationPlatforms) = postSolution
		{4264A25A-A9CC-4E4B-9363-9BB87B5D8E58}.Debug|Any CPU.ActiveCfg = Debug|Any CPU
		{4264A25A-A9CC-4E4B-9363-9BB87B5D8E58}.Debug|Any CPU.Build.0 = Debug|Any CPU
		{4264A25A-A9CC-4E4B-9363-9BB87B5D8E58}.Release|Any CPU.ActiveCfg = Release|Any CPU
		{4264A25A-A9CC-4E4B-9363-9BB87B5D8E58}.Release|Any CPU.Build.0 = Release|Any CPU
	EndGlobalSection
	GlobalSection(SolutionProperties) = preSolution
		HideSolutionNode = FALSE
	EndGlobalSection
	GlobalSection(ExtensibilityGlobals) = postSolution
		SolutionGuid = {19A8C51D-90CB-4C51-89BC-FAE887663CEE}
	EndGlobalSection
EndGlobal
