
Microsoft Visual Studio Solution File, Format Version 12.00
# Visual Studio Version 17
VisualStudioVersion = 17.9.34728.123
MinimumVisualStudioVersion = 10.0.40219.1
Project("{FAE04EC0-301F-11D3-BF4B-00C04F79EFBC}") = "DoctorClinicApp", "DoctorClinicApp\DoctorClinicApp.csproj", "{4818C86F-7532-4A14-9BD0-FB52766A6C0B}"
EndProject
Project("{FAE04EC0-301F-11D3-BF4B-00C04F79EFBC}") = "DoctorClinicModelLibrary", "DoctorClinicModelLibrary\DoctorClinicModelLibrary.csproj", "{C3C7DCE9-CAD7-4377-9598-08449E7EFCBB}"
EndProject
Project("{FAE04EC0-301F-11D3-BF4B-00C04F79EFBC}") = "DoctorClinicDALLibrary", "DoctorClinicDALLibrary\DoctorClinicDALLibrary.csproj", "{785928D8-C94E-4AFA-89C6-330B263C6474}"
EndProject
Project("{FAE04EC0-301F-11D3-BF4B-00C04F79EFBC}") = "DoctorClinicBLLibrary", "DoctorClinicBLLibrary\DoctorClinicBLLibrary.csproj", "{7E3EA93D-3EF6-41AB-B04A-57B020D586C5}"
EndProject
Global
	GlobalSection(SolutionConfigurationPlatforms) = preSolution
		Debug|Any CPU = Debug|Any CPU
		Release|Any CPU = Release|Any CPU
	EndGlobalSection
	GlobalSection(ProjectConfigurationPlatforms) = postSolution
		{4818C86F-7532-4A14-9BD0-FB52766A6C0B}.Debug|Any CPU.ActiveCfg = Debug|Any CPU
		{4818C86F-7532-4A14-9BD0-FB52766A6C0B}.Debug|Any CPU.Build.0 = Debug|Any CPU
		{4818C86F-7532-4A14-9BD0-FB52766A6C0B}.Release|Any CPU.ActiveCfg = Release|Any CPU
		{4818C86F-7532-4A14-9BD0-FB52766A6C0B}.Release|Any CPU.Build.0 = Release|Any CPU
		{C3C7DCE9-CAD7-4377-9598-08449E7EFCBB}.Debug|Any CPU.ActiveCfg = Debug|Any CPU
		{C3C7DCE9-CAD7-4377-9598-08449E7EFCBB}.Debug|Any CPU.Build.0 = Debug|Any CPU
		{C3C7DCE9-CAD7-4377-9598-08449E7EFCBB}.Release|Any CPU.ActiveCfg = Release|Any CPU
		{C3C7DCE9-CAD7-4377-9598-08449E7EFCBB}.Release|Any CPU.Build.0 = Release|Any CPU
		{785928D8-C94E-4AFA-89C6-330B263C6474}.Debug|Any CPU.ActiveCfg = Debug|Any CPU
		{785928D8-C94E-4AFA-89C6-330B263C6474}.Debug|Any CPU.Build.0 = Debug|Any CPU
		{785928D8-C94E-4AFA-89C6-330B263C6474}.Release|Any CPU.ActiveCfg = Release|Any CPU
		{785928D8-C94E-4AFA-89C6-330B263C6474}.Release|Any CPU.Build.0 = Release|Any CPU
		{7E3EA93D-3EF6-41AB-B04A-57B020D586C5}.Debug|Any CPU.ActiveCfg = Debug|Any CPU
		{7E3EA93D-3EF6-41AB-B04A-57B020D586C5}.Debug|Any CPU.Build.0 = Debug|Any CPU
		{7E3EA93D-3EF6-41AB-B04A-57B020D586C5}.Release|Any CPU.ActiveCfg = Release|Any CPU
		{7E3EA93D-3EF6-41AB-B04A-57B020D586C5}.Release|Any CPU.Build.0 = Release|Any CPU
	EndGlobalSection
	GlobalSection(SolutionProperties) = preSolution
		HideSolutionNode = FALSE
	EndGlobalSection
	GlobalSection(ExtensibilityGlobals) = postSolution
		SolutionGuid = {1E3B7F0B-281D-4036-A08D-E84D335185EF}
	EndGlobalSection
EndGlobal
