
Microsoft Visual Studio Solution File, Format Version 12.00
# Visual Studio Version 17
VisualStudioVersion = 17.9.34728.123
MinimumVisualStudioVersion = 10.0.40219.1
Project("{FAE04EC0-301F-11D3-BF4B-00C04F79EFBC}") = "LibraryManagement", "LibraryManagement\LibraryManagement.csproj", "{4D094991-EB79-43CB-8D1F-A81D398F8B24}"
EndProject
Project("{FAE04EC0-301F-11D3-BF4B-00C04F79EFBC}") = "LibraryManagementDALLibrary", "LibraryManagementDALLibrary\LibraryManagementDALLibrary.csproj", "{9CDE875E-4F2C-4EC8-8400-40CB3AC43038}"
EndProject
Project("{FAE04EC0-301F-11D3-BF4B-00C04F79EFBC}") = "LibraryManagementModelLibrary", "LibraryManagementModelLibarary\LibraryManagementModelLibrary.csproj", "{C25A646C-C745-46DA-A1B7-12AEF6A0685F}"
EndProject
Project("{FAE04EC0-301F-11D3-BF4B-00C04F79EFBC}") = "LibraryManagementBLLibrary", "LibraryManagementBLLibrary\LibraryManagementBLLibrary.csproj", "{36555615-D317-42F4-BE89-46A8C579578C}"
EndProject
Global
	GlobalSection(SolutionConfigurationPlatforms) = preSolution
		Debug|Any CPU = Debug|Any CPU
		Release|Any CPU = Release|Any CPU
	EndGlobalSection
	GlobalSection(ProjectConfigurationPlatforms) = postSolution
		{4D094991-EB79-43CB-8D1F-A81D398F8B24}.Debug|Any CPU.ActiveCfg = Debug|Any CPU
		{4D094991-EB79-43CB-8D1F-A81D398F8B24}.Debug|Any CPU.Build.0 = Debug|Any CPU
		{4D094991-EB79-43CB-8D1F-A81D398F8B24}.Release|Any CPU.ActiveCfg = Release|Any CPU
		{4D094991-EB79-43CB-8D1F-A81D398F8B24}.Release|Any CPU.Build.0 = Release|Any CPU
		{9CDE875E-4F2C-4EC8-8400-40CB3AC43038}.Debug|Any CPU.ActiveCfg = Debug|Any CPU
		{9CDE875E-4F2C-4EC8-8400-40CB3AC43038}.Debug|Any CPU.Build.0 = Debug|Any CPU
		{9CDE875E-4F2C-4EC8-8400-40CB3AC43038}.Release|Any CPU.ActiveCfg = Release|Any CPU
		{9CDE875E-4F2C-4EC8-8400-40CB3AC43038}.Release|Any CPU.Build.0 = Release|Any CPU
		{C25A646C-C745-46DA-A1B7-12AEF6A0685F}.Debug|Any CPU.ActiveCfg = Debug|Any CPU
		{C25A646C-C745-46DA-A1B7-12AEF6A0685F}.Debug|Any CPU.Build.0 = Debug|Any CPU
		{C25A646C-C745-46DA-A1B7-12AEF6A0685F}.Release|Any CPU.ActiveCfg = Release|Any CPU
		{C25A646C-C745-46DA-A1B7-12AEF6A0685F}.Release|Any CPU.Build.0 = Release|Any CPU
		{36555615-D317-42F4-BE89-46A8C579578C}.Debug|Any CPU.ActiveCfg = Debug|Any CPU
		{36555615-D317-42F4-BE89-46A8C579578C}.Debug|Any CPU.Build.0 = Debug|Any CPU
		{36555615-D317-42F4-BE89-46A8C579578C}.Release|Any CPU.ActiveCfg = Release|Any CPU
		{36555615-D317-42F4-BE89-46A8C579578C}.Release|Any CPU.Build.0 = Release|Any CPU
	EndGlobalSection
	GlobalSection(SolutionProperties) = preSolution
		HideSolutionNode = FALSE
	EndGlobalSection
	GlobalSection(ExtensibilityGlobals) = postSolution
		SolutionGuid = {C062BB03-4609-47BF-9079-BE58BA9F82E6}
	EndGlobalSection
EndGlobal
