
Microsoft Visual Studio Solution File, Format Version 12.00
# Visual Studio Version 17
VisualStudioVersion = 17.9.34728.123
MinimumVisualStudioVersion = 10.0.40219.1
Project("{FAE04EC0-301F-11D3-BF4B-00C04F79EFBC}") = "DoctorClinicAPI", "DoctorClinicAPI\DoctorClinicAPI.csproj", "{CBE64576-9B78-4552-A888-AB9F798CD02E}"
EndProject
Global
	GlobalSection(SolutionConfigurationPlatforms) = preSolution
		Debug|Any CPU = Debug|Any CPU
		Release|Any CPU = Release|Any CPU
	EndGlobalSection
	GlobalSection(ProjectConfigurationPlatforms) = postSolution
		{CBE64576-9B78-4552-A888-AB9F798CD02E}.Debug|Any CPU.ActiveCfg = Debug|Any CPU
		{CBE64576-9B78-4552-A888-AB9F798CD02E}.Debug|Any CPU.Build.0 = Debug|Any CPU
		{CBE64576-9B78-4552-A888-AB9F798CD02E}.Release|Any CPU.ActiveCfg = Release|Any CPU
		{CBE64576-9B78-4552-A888-AB9F798CD02E}.Release|Any CPU.Build.0 = Release|Any CPU
	EndGlobalSection
	GlobalSection(SolutionProperties) = preSolution
		HideSolutionNode = FALSE
	EndGlobalSection
	GlobalSection(ExtensibilityGlobals) = postSolution
		SolutionGuid = {5A596032-9D7D-41FA-B175-CB4A9B4DD640}
	EndGlobalSection
EndGlobal
