
Microsoft Visual Studio Solution File, Format Version 12.00
# Visual Studio Version 17
VisualStudioVersion = 17.10.34928.147
MinimumVisualStudioVersion = 10.0.40219.1
Project("{FAE04EC0-301F-11D3-BF4B-00C04F79EFBC}") = "SampleApp", "SampleApp.csproj", "{6227D63F-04A6-4A4C-93D0-0457D8B04409}"
EndProject
Global
	GlobalSection(SolutionConfigurationPlatforms) = preSolution
		Debug|Any CPU = Debug|Any CPU
		Release|Any CPU = Release|Any CPU
	EndGlobalSection
	GlobalSection(ProjectConfigurationPlatforms) = postSolution
		{6227D63F-04A6-4A4C-93D0-0457D8B04409}.Debug|Any CPU.ActiveCfg = Debug|Any CPU
		{6227D63F-04A6-4A4C-93D0-0457D8B04409}.Debug|Any CPU.Build.0 = Debug|Any CPU
		{6227D63F-04A6-4A4C-93D0-0457D8B04409}.Release|Any CPU.ActiveCfg = Release|Any CPU
		{6227D63F-04A6-4A4C-93D0-0457D8B04409}.Release|Any CPU.Build.0 = Release|Any CPU
	EndGlobalSection
	GlobalSection(SolutionProperties) = preSolution
		HideSolutionNode = FALSE
	EndGlobalSection
	GlobalSection(ExtensibilityGlobals) = postSolution
		SolutionGuid = {CF0D63F1-14AD-4834-947A-D9D2CDF2A7FD}
	EndGlobalSection
EndGlobal
