
Microsoft Visual Studio Solution File, Format Version 12.00
# Visual Studio Version 17
VisualStudioVersion = 17.9.34728.123
MinimumVisualStudioVersion = 10.0.40219.1
Project("{FAE04EC0-301F-11D3-BF4B-00C04F79EFBC}") = "ReqTrackerApp", "ReqTrackerApp\ReqTrackerApp.csproj", "{6339FF0D-2662-41BD-9A10-8ED515A874FF}"
EndProject
Global
	GlobalSection(SolutionConfigurationPlatforms) = preSolution
		Debug|Any CPU = Debug|Any CPU
		Release|Any CPU = Release|Any CPU
	EndGlobalSection
	GlobalSection(ProjectConfigurationPlatforms) = postSolution
		{6339FF0D-2662-41BD-9A10-8ED515A874FF}.Debug|Any CPU.ActiveCfg = Debug|Any CPU
		{6339FF0D-2662-41BD-9A10-8ED515A874FF}.Debug|Any CPU.Build.0 = Debug|Any CPU
		{6339FF0D-2662-41BD-9A10-8ED515A874FF}.Release|Any CPU.ActiveCfg = Release|Any CPU
		{6339FF0D-2662-41BD-9A10-8ED515A874FF}.Release|Any CPU.Build.0 = Release|Any CPU
	EndGlobalSection
	GlobalSection(SolutionProperties) = preSolution
		HideSolutionNode = FALSE
	EndGlobalSection
	GlobalSection(ExtensibilityGlobals) = postSolution
		SolutionGuid = {A352C055-BBA8-49BB-B107-A28D9C7AB0EB}
	EndGlobalSection
EndGlobal
