
Microsoft Visual Studio Solution File, Format Version 12.00
# Visual Studio Version 17
VisualStudioVersion = 17.9.34728.123
MinimumVisualStudioVersion = 10.0.40219.1
Project("{FAE04EC0-301F-11D3-BF4B-00C04F79EFBC}") = "Day10DoctorClinic", "Day10DoctorClinic\Day10DoctorClinic.csproj", "{83E39932-8545-4417-8A7A-DECF6FF68188}"
EndProject
Project("{FAE04EC0-301F-11D3-BF4B-00C04F79EFBC}") = "DoctorClinicBLLibrary", "DoctorClinicBLLibrary\DoctorClinicBLLibrary.csproj", "{152448F9-A8F6-4FA3-8375-0972B18A510C}"
EndProject
Project("{FAE04EC0-301F-11D3-BF4B-00C04F79EFBC}") = "DoctorClinicDALLibrary", "DoctorClinicDALLibrary\DoctorClinicDALLibrary.csproj", "{3470FB49-8F2C-45B4-B5EE-6F082724DF39}"
EndProject
Project("{FAE04EC0-301F-11D3-BF4B-00C04F79EFBC}") = "DoctorClinicModelLibrary", "DoctorClinicModelLibrary\DoctorClinicModelLibrary.csproj", "{AF5D013C-6B19-4A71-9D2F-A2E268B32506}"
EndProject
Project("{FAE04EC0-301F-11D3-BF4B-00C04F79EFBC}") = "DoctorClinicBLTestLibrary", "DoctorClinicBLTestLibrary\DoctorClinicBLTestLibrary.csproj", "{3E821179-4AB4-43A9-82FA-77D4E98DDB15}"
EndProject
Global
	GlobalSection(SolutionConfigurationPlatforms) = preSolution
		Debug|Any CPU = Debug|Any CPU
		Release|Any CPU = Release|Any CPU
	EndGlobalSection
	GlobalSection(ProjectConfigurationPlatforms) = postSolution
		{83E39932-8545-4417-8A7A-DECF6FF68188}.Debug|Any CPU.ActiveCfg = Debug|Any CPU
		{83E39932-8545-4417-8A7A-DECF6FF68188}.Debug|Any CPU.Build.0 = Debug|Any CPU
		{83E39932-8545-4417-8A7A-DECF6FF68188}.Release|Any CPU.ActiveCfg = Release|Any CPU
		{83E39932-8545-4417-8A7A-DECF6FF68188}.Release|Any CPU.Build.0 = Release|Any CPU
		{152448F9-A8F6-4FA3-8375-0972B18A510C}.Debug|Any CPU.ActiveCfg = Debug|Any CPU
		{152448F9-A8F6-4FA3-8375-0972B18A510C}.Debug|Any CPU.Build.0 = Debug|Any CPU
		{152448F9-A8F6-4FA3-8375-0972B18A510C}.Release|Any CPU.ActiveCfg = Release|Any CPU
		{152448F9-A8F6-4FA3-8375-0972B18A510C}.Release|Any CPU.Build.0 = Release|Any CPU
		{3470FB49-8F2C-45B4-B5EE-6F082724DF39}.Debug|Any CPU.ActiveCfg = Debug|Any CPU
		{3470FB49-8F2C-45B4-B5EE-6F082724DF39}.Debug|Any CPU.Build.0 = Debug|Any CPU
		{3470FB49-8F2C-45B4-B5EE-6F082724DF39}.Release|Any CPU.ActiveCfg = Release|Any CPU
		{3470FB49-8F2C-45B4-B5EE-6F082724DF39}.Release|Any CPU.Build.0 = Release|Any CPU
		{AF5D013C-6B19-4A71-9D2F-A2E268B32506}.Debug|Any CPU.ActiveCfg = Debug|Any CPU
		{AF5D013C-6B19-4A71-9D2F-A2E268B32506}.Debug|Any CPU.Build.0 = Debug|Any CPU
		{AF5D013C-6B19-4A71-9D2F-A2E268B32506}.Release|Any CPU.ActiveCfg = Release|Any CPU
		{AF5D013C-6B19-4A71-9D2F-A2E268B32506}.Release|Any CPU.Build.0 = Release|Any CPU
		{3E821179-4AB4-43A9-82FA-77D4E98DDB15}.Debug|Any CPU.ActiveCfg = Debug|Any CPU
		{3E821179-4AB4-43A9-82FA-77D4E98DDB15}.Debug|Any CPU.Build.0 = Debug|Any CPU
		{3E821179-4AB4-43A9-82FA-77D4E98DDB15}.Release|Any CPU.ActiveCfg = Release|Any CPU
		{3E821179-4AB4-43A9-82FA-77D4E98DDB15}.Release|Any CPU.Build.0 = Release|Any CPU
	EndGlobalSection
	GlobalSection(SolutionProperties) = preSolution
		HideSolutionNode = FALSE
	EndGlobalSection
	GlobalSection(ExtensibilityGlobals) = postSolution
		SolutionGuid = {6D5C611C-ED19-4E9E-A205-9EC2027B39ED}
	EndGlobalSection
EndGlobal
